
Microsoft Visual Studio Solution File, Format Version 12.00
# Visual Studio 15
VisualStudioVersion = 15.0.28307.421
MinimumVisualStudioVersion = 10.0.40219.1
Project("{9A19103F-16F7-4668-BE54-9A1E7A4F7556}") = "AssistCust", "AssistCust\AssistCust.csproj", "{09B9C033-4DC1-44EA-A932-8EABCF0CE5B7}"
EndProject
Project("{2150E333-8FDC-42A3-9474-1A3956D46DE8}") = "Src", "Src", "{26B53544-308A-41F4-9471-D60B7720AC06}"
EndProject
Project("{2150E333-8FDC-42A3-9474-1A3956D46DE8}") = "Presentation", "Presentation", "{DE5CC49D-723E-4E4F-921C-E4BDAA5BCFC4}"
EndProject
Project("{2150E333-8FDC-42A3-9474-1A3956D46DE8}") = "Core", "Core", "{BD8CCCE9-B4F5-443D-833E-6E503EA8A869}"
EndProject
Project("{2150E333-8FDC-42A3-9474-1A3956D46DE8}") = "Common", "Common", "{98485942-7CF6-4965-97B3-3E8FAE34FE57}"
EndProject
Project("{2150E333-8FDC-42A3-9474-1A3956D46DE8}") = "Infrastucture", "Infrastucture", "{096FE30F-D35D-4712-8EAD-BC1F12A520F0}"
EndProject
Project("{9A19103F-16F7-4668-BE54-9A1E7A4F7556}") = "AssistCust.Domain", "AssistCust.Domain\AssistCust.Domain.csproj", "{98A20B28-908E-418E-8456-2A24B8CFFED9}"
EndProject
Project("{9A19103F-16F7-4668-BE54-9A1E7A4F7556}") = "AssistCust.Persistance", "AssistCust.Persistance\AssistCust.Persistance.csproj", "{841D2404-34E0-43F3-8731-C80A87E16F81}"
EndProject
Project("{FAE04EC0-301F-11D3-BF4B-00C04F79EFBC}") = "AssistCust.Application", "AssistCust.Application\AssistCust.Application.csproj", "{979E0F32-C582-4FA1-A923-3ED6AE882B9D}"
EndProject
Global
	GlobalSection(SolutionConfigurationPlatforms) = preSolution
		Debug|Any CPU = Debug|Any CPU
		Release|Any CPU = Release|Any CPU
	EndGlobalSection
	GlobalSection(ProjectConfigurationPlatforms) = postSolution
		{09B9C033-4DC1-44EA-A932-8EABCF0CE5B7}.Debug|Any CPU.ActiveCfg = Debug|Any CPU
		{09B9C033-4DC1-44EA-A932-8EABCF0CE5B7}.Debug|Any CPU.Build.0 = Debug|Any CPU
		{09B9C033-4DC1-44EA-A932-8EABCF0CE5B7}.Release|Any CPU.ActiveCfg = Release|Any CPU
		{09B9C033-4DC1-44EA-A932-8EABCF0CE5B7}.Release|Any CPU.Build.0 = Release|Any CPU
		{98A20B28-908E-418E-8456-2A24B8CFFED9}.Debug|Any CPU.ActiveCfg = Debug|Any CPU
		{98A20B28-908E-418E-8456-2A24B8CFFED9}.Debug|Any CPU.Build.0 = Debug|Any CPU
		{98A20B28-908E-418E-8456-2A24B8CFFED9}.Release|Any CPU.ActiveCfg = Release|Any CPU
		{98A20B28-908E-418E-8456-2A24B8CFFED9}.Release|Any CPU.Build.0 = Release|Any CPU
		{841D2404-34E0-43F3-8731-C80A87E16F81}.Debug|Any CPU.ActiveCfg = Debug|Any CPU
		{841D2404-34E0-43F3-8731-C80A87E16F81}.Debug|Any CPU.Build.0 = Debug|Any CPU
		{841D2404-34E0-43F3-8731-C80A87E16F81}.Release|Any CPU.ActiveCfg = Release|Any CPU
		{841D2404-34E0-43F3-8731-C80A87E16F81}.Release|Any CPU.Build.0 = Release|Any CPU
		{979E0F32-C582-4FA1-A923-3ED6AE882B9D}.Debug|Any CPU.ActiveCfg = Debug|Any CPU
		{979E0F32-C582-4FA1-A923-3ED6AE882B9D}.Debug|Any CPU.Build.0 = Debug|Any CPU
		{979E0F32-C582-4FA1-A923-3ED6AE882B9D}.Release|Any CPU.ActiveCfg = Release|Any CPU
		{979E0F32-C582-4FA1-A923-3ED6AE882B9D}.Release|Any CPU.Build.0 = Release|Any CPU
	EndGlobalSection
	GlobalSection(SolutionProperties) = preSolution
		HideSolutionNode = FALSE
	EndGlobalSection
	GlobalSection(NestedProjects) = preSolution
		{09B9C033-4DC1-44EA-A932-8EABCF0CE5B7} = {DE5CC49D-723E-4E4F-921C-E4BDAA5BCFC4}
		{DE5CC49D-723E-4E4F-921C-E4BDAA5BCFC4} = {26B53544-308A-41F4-9471-D60B7720AC06}
		{BD8CCCE9-B4F5-443D-833E-6E503EA8A869} = {26B53544-308A-41F4-9471-D60B7720AC06}
		{98485942-7CF6-4965-97B3-3E8FAE34FE57} = {26B53544-308A-41F4-9471-D60B7720AC06}
		{096FE30F-D35D-4712-8EAD-BC1F12A520F0} = {26B53544-308A-41F4-9471-D60B7720AC06}
		{98A20B28-908E-418E-8456-2A24B8CFFED9} = {BD8CCCE9-B4F5-443D-833E-6E503EA8A869}
		{841D2404-34E0-43F3-8731-C80A87E16F81} = {096FE30F-D35D-4712-8EAD-BC1F12A520F0}
		{979E0F32-C582-4FA1-A923-3ED6AE882B9D} = {BD8CCCE9-B4F5-443D-833E-6E503EA8A869}
	EndGlobalSection
	GlobalSection(ExtensibilityGlobals) = postSolution
		SolutionGuid = {FB3D3467-71A1-4A74-A826-5835BB1B6365}
	EndGlobalSection
EndGlobal
